
Microsoft Visual Studio Solution File, Format Version 12.00
# Visual Studio Version 17
VisualStudioVersion = 17.4.33103.184
MinimumVisualStudioVersion = 10.0.40219.1
Project("{8BC9CEB8-8B4A-11D0-8D11-00A0C91BC942}") = "ЛР11_2", "ЛР11_2\ЛР11_2.vcxproj", "{4B138C24-DE40-4384-8C08-08CF121D0629}"
EndProject
Global
	GlobalSection(SolutionConfigurationPlatforms) = preSolution
		Debug|x64 = Debug|x64
		Debug|x86 = Debug|x86
		Release|x64 = Release|x64
		Release|x86 = Release|x86
	EndGlobalSection
	GlobalSection(ProjectConfigurationPlatforms) = postSolution
		{4B138C24-DE40-4384-8C08-08CF121D0629}.Debug|x64.ActiveCfg = Debug|x64
		{4B138C24-DE40-4384-8C08-08CF121D0629}.Debug|x64.Build.0 = Debug|x64
		{4B138C24-DE40-4384-8C08-08CF121D0629}.Debug|x86.ActiveCfg = Debug|Win32
		{4B138C24-DE40-4384-8C08-08CF121D0629}.Debug|x86.Build.0 = Debug|Win32
		{4B138C24-DE40-4384-8C08-08CF121D0629}.Release|x64.ActiveCfg = Release|x64
		{4B138C24-DE40-4384-8C08-08CF121D0629}.Release|x64.Build.0 = Release|x64
		{4B138C24-DE40-4384-8C08-08CF121D0629}.Release|x86.ActiveCfg = Release|Win32
		{4B138C24-DE40-4384-8C08-08CF121D0629}.Release|x86.Build.0 = Release|Win32
	EndGlobalSection
	GlobalSection(SolutionProperties) = preSolution
		HideSolutionNode = FALSE
	EndGlobalSection
	GlobalSection(ExtensibilityGlobals) = postSolution
		SolutionGuid = {E654ACE3-6346-4B2C-930E-8CC6274FE86F}
	EndGlobalSection
EndGlobal
